
Microsoft Visual Studio Solution File, Format Version 12.00
# Visual Studio Version 16
VisualStudioVersion = 16.0.30128.74
MinimumVisualStudioVersion = 10.0.40219.1
Project("{9A19103F-16F7-4668-BE54-9A1E7A4F7556}") = "TMS.NET06.Lesson13.AsyncAwait", "Lesson-13-AsyncAwait\TMS.NET06.Lesson13.AsyncAwait\TMS.NET06.Lesson13.AsyncAwait.csproj", "{9AB06CE8-A9E6-4B07-9316-119AE6661731}"
EndProject
Project("{9A19103F-16F7-4668-BE54-9A1E7A4F7556}") = "TMS.NET06.Lesson12.ParallelProgramming", "Lesson-12-ParallelProgramming\TMS.NET06.Lesson12.ParallelProgramming\TMS.NET06.Lesson12.ParallelProgramming.csproj", "{3E881A99-15F3-4721-998A-BA8C8B2660B1}"
EndProject
Project("{9A19103F-16F7-4668-BE54-9A1E7A4F7556}") = "TMS.NET06.Lesson11.Multithreading", "Lesson-11-Multithreading\TMS.NET06.Lesson11.Multithreading\TMS.NET06.Lesson11.Multithreading.csproj", "{F653C5C4-DBF7-4983-9FC0-085A3A31AFB5}"
EndProject
Global
	GlobalSection(SolutionConfigurationPlatforms) = preSolution
		Debug|Any CPU = Debug|Any CPU
		Release|Any CPU = Release|Any CPU
	EndGlobalSection
	GlobalSection(ProjectConfigurationPlatforms) = postSolution
		{9AB06CE8-A9E6-4B07-9316-119AE6661731}.Debug|Any CPU.ActiveCfg = Debug|Any CPU
		{9AB06CE8-A9E6-4B07-9316-119AE6661731}.Debug|Any CPU.Build.0 = Debug|Any CPU
		{9AB06CE8-A9E6-4B07-9316-119AE6661731}.Release|Any CPU.ActiveCfg = Release|Any CPU
		{9AB06CE8-A9E6-4B07-9316-119AE6661731}.Release|Any CPU.Build.0 = Release|Any CPU
		{3E881A99-15F3-4721-998A-BA8C8B2660B1}.Debug|Any CPU.ActiveCfg = Debug|Any CPU
		{3E881A99-15F3-4721-998A-BA8C8B2660B1}.Debug|Any CPU.Build.0 = Debug|Any CPU
		{3E881A99-15F3-4721-998A-BA8C8B2660B1}.Release|Any CPU.ActiveCfg = Release|Any CPU
		{3E881A99-15F3-4721-998A-BA8C8B2660B1}.Release|Any CPU.Build.0 = Release|Any CPU
		{F653C5C4-DBF7-4983-9FC0-085A3A31AFB5}.Debug|Any CPU.ActiveCfg = Debug|Any CPU
		{F653C5C4-DBF7-4983-9FC0-085A3A31AFB5}.Debug|Any CPU.Build.0 = Debug|Any CPU
		{F653C5C4-DBF7-4983-9FC0-085A3A31AFB5}.Release|Any CPU.ActiveCfg = Release|Any CPU
		{F653C5C4-DBF7-4983-9FC0-085A3A31AFB5}.Release|Any CPU.Build.0 = Release|Any CPU
	EndGlobalSection
	GlobalSection(SolutionProperties) = preSolution
		HideSolutionNode = FALSE
	EndGlobalSection
	GlobalSection(ExtensibilityGlobals) = postSolution
		SolutionGuid = {75DDE2EE-C5C2-43AC-87BA-74E9BAAC0C86}
	EndGlobalSection
EndGlobal
