
Microsoft Visual Studio Solution File, Format Version 12.00
# Visual Studio Version 16
VisualStudioVersion = 16.0.30128.74
MinimumVisualStudioVersion = 10.0.40219.1
Project("{9A19103F-16F7-4668-BE54-9A1E7A4F7556}") = "TMS.NET06.FitnessTracker", "HomeWork10\TMS.FitnessTracker\TMS.NET06.FitnessTracker.csproj", "{925BC8A6-0017-49B0-9F1B-12F21A3682E2}"
EndProject
Project("{9A19103F-16F7-4668-BE54-9A1E7A4F7556}") = "TMS.NET06.ShopSimulator", "HomeWork11\TMS.ShopSimulator\TMS.NET06.ShopSimulator.csproj", "{91DD9B21-5780-4420-97CD-4B4383524E16}"
EndProject
Project("{9A19103F-16F7-4668-BE54-9A1E7A4F7556}") = "TMS.NET06.HttpClientApp", "TMS.NET06.HttpClientApp\TMS.NET06.HttpClientApp.csproj", "{B52798A1-9104-45AD-A17D-2657EC396E53}"
EndProject
Project("{9A19103F-16F7-4668-BE54-9A1E7A4F7556}") = "TMS.NET06.HttpClientApp.Tests", "TMS.NET06.HttpClientApp.Tests\TMS.NET06.HttpClientApp.Tests.csproj", "{46572339-11C0-43B0-A710-37D4B0AD2277}"
EndProject
Project("{9A19103F-16F7-4668-BE54-9A1E7A4F7556}") = "TMS.NET06.BookingSystem", "TMS.NET06.BookingSystem\TMS.NET06.BookingSystem.csproj", "{DA8D49A6-D301-46F0-8119-710D65EF794C}"
EndProject
Project("{9A19103F-16F7-4668-BE54-9A1E7A4F7556}") = "TMS.NET06.BookingSystem.Notificator", "TMS.NET06.BookingSystem.Notificator\TMS.NET06.BookingSystem.Notificator.csproj", "{40FE1611-AB3D-4F7B-B6BF-D2597C5C76B4}"
EndProject
Project("{9A19103F-16F7-4668-BE54-9A1E7A4F7556}") = "TMS.NET06.BookingSystem.Notificator.Tests", "TMS.NET06.Notificator.Tests\TMS.NET06.BookingSystem.Notificator.Tests.csproj", "{80B7BDCA-4585-48B2-929B-BE7D084CC0F1}"
EndProject
Project("{9A19103F-16F7-4668-BE54-9A1E7A4F7556}") = "TMS.NET06.BookingSystem.Web", "TMS.NET06.BookingSystem.Web\TMS.NET06.BookingSystem.Web.csproj", "{9A325F1E-C3DC-4E15-BE7A-3624A8B9B201}"
EndProject
Project("{9A19103F-16F7-4668-BE54-9A1E7A4F7556}") = "TMS.NET06.BookingService.Spa", "TMS.NET06.BookingService.Spa\TMS.NET06.BookingService.Spa.csproj", "{9B6F2D9D-955E-47D9-85BC-0634B42519AD}"
EndProject
Project("{9A19103F-16F7-4668-BE54-9A1E7A4F7556}") = "TMS.NET06.Eos.Razor", "TMS.NET06.Eos.Razor\TMS.NET06.Eos.Razor.csproj", "{BC80C500-60FE-4B7C-A058-6CCF78E05265}"
EndProject
Project("{9A19103F-16F7-4668-BE54-9A1E7A4F7556}") = "TMS.NET06.TestServer", "TMS.NET06.TestServer\TMS.NET06.TestServer.csproj", "{BBEEBE70-AB15-494C-8F54-C15686A07287}"
EndProject
Project("{9A19103F-16F7-4668-BE54-9A1E7A4F7556}") = "TMS.NET06.CaloriesCounter.MVC", "TMS.NET06.CaloriesCounter.MVC\TMS.NET06.CaloriesCounter.MVC.csproj", "{79FFD5DB-B621-4ECD-B420-9EAB00015E47}"
EndProject
Project("{9A19103F-16F7-4668-BE54-9A1E7A4F7556}") = "TMS.NET06.Parfume.Web", "TMS.NET06.Parfume.Web\TMS.NET06.Parfume.Web.csproj", "{7CA216B5-B0A1-4802-80CA-1F570568CCEB}"
EndProject
Project("{9A19103F-16F7-4668-BE54-9A1E7A4F7556}") = "TMS.NET06.Parfume.Manager.MVC", "TMS.NET06.Parfume.Manager.MVC\TMS.NET06.Parfume.Manager.MVC.csproj", "{2394225A-7E96-46D8-A942-BF78663DD7B5}"
EndProject
Project("{9A19103F-16F7-4668-BE54-9A1E7A4F7556}") = "TMS.NET06.TwitterListener.Manager.React", "TMS.NET06.TwitterListener.Manager.React\TMS.NET06.TwitterListener.Manager.React.csproj", "{16E0185A-B525-4A51-AF78-A5FB91C04278}"
EndProject
Project("{9A19103F-16F7-4668-BE54-9A1E7A4F7556}") = "TMS.NET06.CaloriesCounter.React", "TMS.NET06.CaloriesCounter.React\TMS.NET06.CaloriesCounter.React.csproj", "{964A8674-74D7-4641-A3CA-688D147635F1}"
EndProject
Global
	GlobalSection(SolutionConfigurationPlatforms) = preSolution
		Debug|Any CPU = Debug|Any CPU
		Release|Any CPU = Release|Any CPU
	EndGlobalSection
	GlobalSection(ProjectConfigurationPlatforms) = postSolution
		{925BC8A6-0017-49B0-9F1B-12F21A3682E2}.Debug|Any CPU.ActiveCfg = Debug|Any CPU
		{925BC8A6-0017-49B0-9F1B-12F21A3682E2}.Debug|Any CPU.Build.0 = Debug|Any CPU
		{925BC8A6-0017-49B0-9F1B-12F21A3682E2}.Release|Any CPU.ActiveCfg = Release|Any CPU
		{925BC8A6-0017-49B0-9F1B-12F21A3682E2}.Release|Any CPU.Build.0 = Release|Any CPU
		{91DD9B21-5780-4420-97CD-4B4383524E16}.Debug|Any CPU.ActiveCfg = Debug|Any CPU
		{91DD9B21-5780-4420-97CD-4B4383524E16}.Debug|Any CPU.Build.0 = Debug|Any CPU
		{91DD9B21-5780-4420-97CD-4B4383524E16}.Release|Any CPU.ActiveCfg = Release|Any CPU
		{91DD9B21-5780-4420-97CD-4B4383524E16}.Release|Any CPU.Build.0 = Release|Any CPU
		{B52798A1-9104-45AD-A17D-2657EC396E53}.Debug|Any CPU.ActiveCfg = Debug|Any CPU
		{B52798A1-9104-45AD-A17D-2657EC396E53}.Debug|Any CPU.Build.0 = Debug|Any CPU
		{B52798A1-9104-45AD-A17D-2657EC396E53}.Release|Any CPU.ActiveCfg = Release|Any CPU
		{B52798A1-9104-45AD-A17D-2657EC396E53}.Release|Any CPU.Build.0 = Release|Any CPU
		{46572339-11C0-43B0-A710-37D4B0AD2277}.Debug|Any CPU.ActiveCfg = Debug|Any CPU
		{46572339-11C0-43B0-A710-37D4B0AD2277}.Debug|Any CPU.Build.0 = Debug|Any CPU
		{46572339-11C0-43B0-A710-37D4B0AD2277}.Release|Any CPU.ActiveCfg = Release|Any CPU
		{46572339-11C0-43B0-A710-37D4B0AD2277}.Release|Any CPU.Build.0 = Release|Any CPU
		{DA8D49A6-D301-46F0-8119-710D65EF794C}.Debug|Any CPU.ActiveCfg = Debug|Any CPU
		{DA8D49A6-D301-46F0-8119-710D65EF794C}.Debug|Any CPU.Build.0 = Debug|Any CPU
		{DA8D49A6-D301-46F0-8119-710D65EF794C}.Release|Any CPU.ActiveCfg = Release|Any CPU
		{DA8D49A6-D301-46F0-8119-710D65EF794C}.Release|Any CPU.Build.0 = Release|Any CPU
		{40FE1611-AB3D-4F7B-B6BF-D2597C5C76B4}.Debug|Any CPU.ActiveCfg = Debug|Any CPU
		{40FE1611-AB3D-4F7B-B6BF-D2597C5C76B4}.Debug|Any CPU.Build.0 = Debug|Any CPU
		{40FE1611-AB3D-4F7B-B6BF-D2597C5C76B4}.Release|Any CPU.ActiveCfg = Release|Any CPU
		{40FE1611-AB3D-4F7B-B6BF-D2597C5C76B4}.Release|Any CPU.Build.0 = Release|Any CPU
		{80B7BDCA-4585-48B2-929B-BE7D084CC0F1}.Debug|Any CPU.ActiveCfg = Debug|Any CPU
		{80B7BDCA-4585-48B2-929B-BE7D084CC0F1}.Debug|Any CPU.Build.0 = Debug|Any CPU
		{80B7BDCA-4585-48B2-929B-BE7D084CC0F1}.Release|Any CPU.ActiveCfg = Release|Any CPU
		{80B7BDCA-4585-48B2-929B-BE7D084CC0F1}.Release|Any CPU.Build.0 = Release|Any CPU
		{9A325F1E-C3DC-4E15-BE7A-3624A8B9B201}.Debug|Any CPU.ActiveCfg = Debug|Any CPU
		{9A325F1E-C3DC-4E15-BE7A-3624A8B9B201}.Debug|Any CPU.Build.0 = Debug|Any CPU
		{9A325F1E-C3DC-4E15-BE7A-3624A8B9B201}.Release|Any CPU.ActiveCfg = Release|Any CPU
		{9A325F1E-C3DC-4E15-BE7A-3624A8B9B201}.Release|Any CPU.Build.0 = Release|Any CPU
		{9B6F2D9D-955E-47D9-85BC-0634B42519AD}.Debug|Any CPU.ActiveCfg = Debug|Any CPU
		{9B6F2D9D-955E-47D9-85BC-0634B42519AD}.Debug|Any CPU.Build.0 = Debug|Any CPU
		{9B6F2D9D-955E-47D9-85BC-0634B42519AD}.Release|Any CPU.ActiveCfg = Release|Any CPU
		{9B6F2D9D-955E-47D9-85BC-0634B42519AD}.Release|Any CPU.Build.0 = Release|Any CPU
		{BC80C500-60FE-4B7C-A058-6CCF78E05265}.Debug|Any CPU.ActiveCfg = Debug|Any CPU
		{BC80C500-60FE-4B7C-A058-6CCF78E05265}.Debug|Any CPU.Build.0 = Debug|Any CPU
		{BC80C500-60FE-4B7C-A058-6CCF78E05265}.Release|Any CPU.ActiveCfg = Release|Any CPU
		{BC80C500-60FE-4B7C-A058-6CCF78E05265}.Release|Any CPU.Build.0 = Release|Any CPU
		{BBEEBE70-AB15-494C-8F54-C15686A07287}.Debug|Any CPU.ActiveCfg = Debug|Any CPU
		{BBEEBE70-AB15-494C-8F54-C15686A07287}.Debug|Any CPU.Build.0 = Debug|Any CPU
		{BBEEBE70-AB15-494C-8F54-C15686A07287}.Release|Any CPU.ActiveCfg = Release|Any CPU
		{BBEEBE70-AB15-494C-8F54-C15686A07287}.Release|Any CPU.Build.0 = Release|Any CPU
		{79FFD5DB-B621-4ECD-B420-9EAB00015E47}.Debug|Any CPU.ActiveCfg = Debug|Any CPU
		{79FFD5DB-B621-4ECD-B420-9EAB00015E47}.Debug|Any CPU.Build.0 = Debug|Any CPU
		{79FFD5DB-B621-4ECD-B420-9EAB00015E47}.Release|Any CPU.ActiveCfg = Release|Any CPU
		{79FFD5DB-B621-4ECD-B420-9EAB00015E47}.Release|Any CPU.Build.0 = Release|Any CPU
		{7CA216B5-B0A1-4802-80CA-1F570568CCEB}.Debug|Any CPU.ActiveCfg = Debug|Any CPU
		{7CA216B5-B0A1-4802-80CA-1F570568CCEB}.Debug|Any CPU.Build.0 = Debug|Any CPU
		{7CA216B5-B0A1-4802-80CA-1F570568CCEB}.Release|Any CPU.ActiveCfg = Release|Any CPU
		{7CA216B5-B0A1-4802-80CA-1F570568CCEB}.Release|Any CPU.Build.0 = Release|Any CPU
		{2394225A-7E96-46D8-A942-BF78663DD7B5}.Debug|Any CPU.ActiveCfg = Debug|Any CPU
		{2394225A-7E96-46D8-A942-BF78663DD7B5}.Debug|Any CPU.Build.0 = Debug|Any CPU
		{2394225A-7E96-46D8-A942-BF78663DD7B5}.Release|Any CPU.ActiveCfg = Release|Any CPU
		{2394225A-7E96-46D8-A942-BF78663DD7B5}.Release|Any CPU.Build.0 = Release|Any CPU
		{16E0185A-B525-4A51-AF78-A5FB91C04278}.Debug|Any CPU.ActiveCfg = Debug|Any CPU
		{16E0185A-B525-4A51-AF78-A5FB91C04278}.Debug|Any CPU.Build.0 = Debug|Any CPU
		{16E0185A-B525-4A51-AF78-A5FB91C04278}.Release|Any CPU.ActiveCfg = Release|Any CPU
		{16E0185A-B525-4A51-AF78-A5FB91C04278}.Release|Any CPU.Build.0 = Release|Any CPU
		{964A8674-74D7-4641-A3CA-688D147635F1}.Debug|Any CPU.ActiveCfg = Debug|Any CPU
		{964A8674-74D7-4641-A3CA-688D147635F1}.Debug|Any CPU.Build.0 = Debug|Any CPU
		{964A8674-74D7-4641-A3CA-688D147635F1}.Release|Any CPU.ActiveCfg = Release|Any CPU
		{964A8674-74D7-4641-A3CA-688D147635F1}.Release|Any CPU.Build.0 = Release|Any CPU
	EndGlobalSection
	GlobalSection(SolutionProperties) = preSolution
		HideSolutionNode = FALSE
	EndGlobalSection
	GlobalSection(ExtensibilityGlobals) = postSolution
		SolutionGuid = {1257BDB6-7766-4AA9-A144-DCC9D63F135E}
	EndGlobalSection
EndGlobal
